// !$*UTF8*$!
{
	archiveVersion = 1;
	classes = {
	};
	objectVersion = 50;
	objects = {

/* Begin PBXFileReference section */
		F1148F4A2520C74D0026A697 /* form_1.html */ = {isa = PBXFileReference; lastKnownFileType = text.html; path = form_1.html; sourceTree = "<group>"; };
/* End PBXFileReference section */

/* Begin PBXGroup section */
		F1148F432520C64D0026A697 = {
			isa = PBXGroup;
			children = (
				F1148F4A2520C74D0026A697 /* form_1.html */,
			);
			sourceTree = "<group>";
		};
/* End PBXGroup section */

/* Begin PBXProject section */
		F1148F442520C64D0026A697 /* Project object */ = {
			isa = PBXProject;
			attributes = {
				LastUpgradeCheck = 1200;
			};
			buildConfigurationList = F1148F472520C64D0026A697 /* Build configuration list for PBXProject "Slider" */;
			compatibilityVersion = "Xcode 9.3";
			developmentRegion = en;
			hasScannedForEncodings = 0;
			knownRegions = (
				en,
				Base,
			);
			mainGroup = F1148F432520C64D0026A697;
			projectDirPath = "";
			projectRoot = "";
			targets = (
			);
		};
/* End PBXProject section */

/* Begin XCBuildConfiguration section */
		F1148F482520C64D0026A697 /* Debug */ = {
			isa = XCBuildConfiguration;
			buildSettings = {
			};
			name = Debug;
		};
		F1148F492520C64D0026A697 /* Release */ = {
			isa = XCBuildConfiguration;
			buildSettings = {
			};
			name = Release;
		};
/* End XCBuildConfiguration section */

/* Begin XCConfigurationList section */
		F1148F472520C64D0026A697 /* Build configuration list for PBXProject "Slider" */ = {
			isa = XCConfigurationList;
			buildConfigurations = (
				F1148F482520C64D0026A697 /* Debug */,
				F1148F492520C64D0026A697 /* Release */,
			);
			defaultConfigurationIsVisible = 0;
			defaultConfigurationName = Release;
		};
/* End XCConfigurationList section */
	};
	rootObject = F1148F442520C64D0026A697 /* Project object */;
}
